
Microsoft Visual Studio Solution File, Format Version 12.00
# Visual Studio 15
VisualStudioVersion = 15.0.26124.0
MinimumVisualStudioVersion = 15.0.26124.0
Project("{FAE04EC0-301F-11D3-BF4B-00C04F79EFBC}") = "GamesLoan.Api", "GamesLoan.Api\GamesLoan.Api.csproj", "{01711AB7-3BD1-4050-A4DD-5D880EE109B1}"
EndProject
Project("{FAE04EC0-301F-11D3-BF4B-00C04F79EFBC}") = "GamesLoan.Core", "GamesLoan.Core\GamesLoan.Core.csproj", "{E3067C5D-6EDE-4289-99F8-026C400548E2}"
EndProject
Project("{FAE04EC0-301F-11D3-BF4B-00C04F79EFBC}") = "GamesLoan.Infra", "GamesLoan.Infra\GamesLoan.Infra.csproj", "{6C583982-4309-48CE-9894-2B2EF93EEC60}"
EndProject
Project("{FAE04EC0-301F-11D3-BF4B-00C04F79EFBC}") = "GamesLoan.Tests", "GamesLoan.Tests\GamesLoan.Tests.csproj", "{5A4A19C9-2AFC-4A81-A3BF-CD4E78F70D82}"
EndProject
Global
	GlobalSection(SolutionConfigurationPlatforms) = preSolution
		Debug|Any CPU = Debug|Any CPU
		Debug|x64 = Debug|x64
		Debug|x86 = Debug|x86
		Release|Any CPU = Release|Any CPU
		Release|x64 = Release|x64
		Release|x86 = Release|x86
	EndGlobalSection
	GlobalSection(SolutionProperties) = preSolution
		HideSolutionNode = FALSE
	EndGlobalSection
	GlobalSection(ProjectConfigurationPlatforms) = postSolution
		{01711AB7-3BD1-4050-A4DD-5D880EE109B1}.Debug|Any CPU.ActiveCfg = Debug|Any CPU
		{01711AB7-3BD1-4050-A4DD-5D880EE109B1}.Debug|Any CPU.Build.0 = Debug|Any CPU
		{01711AB7-3BD1-4050-A4DD-5D880EE109B1}.Debug|x64.ActiveCfg = Debug|Any CPU
		{01711AB7-3BD1-4050-A4DD-5D880EE109B1}.Debug|x64.Build.0 = Debug|Any CPU
		{01711AB7-3BD1-4050-A4DD-5D880EE109B1}.Debug|x86.ActiveCfg = Debug|Any CPU
		{01711AB7-3BD1-4050-A4DD-5D880EE109B1}.Debug|x86.Build.0 = Debug|Any CPU
		{01711AB7-3BD1-4050-A4DD-5D880EE109B1}.Release|Any CPU.ActiveCfg = Release|Any CPU
		{01711AB7-3BD1-4050-A4DD-5D880EE109B1}.Release|Any CPU.Build.0 = Release|Any CPU
		{01711AB7-3BD1-4050-A4DD-5D880EE109B1}.Release|x64.ActiveCfg = Release|Any CPU
		{01711AB7-3BD1-4050-A4DD-5D880EE109B1}.Release|x64.Build.0 = Release|Any CPU
		{01711AB7-3BD1-4050-A4DD-5D880EE109B1}.Release|x86.ActiveCfg = Release|Any CPU
		{01711AB7-3BD1-4050-A4DD-5D880EE109B1}.Release|x86.Build.0 = Release|Any CPU
		{E3067C5D-6EDE-4289-99F8-026C400548E2}.Debug|Any CPU.ActiveCfg = Debug|Any CPU
		{E3067C5D-6EDE-4289-99F8-026C400548E2}.Debug|Any CPU.Build.0 = Debug|Any CPU
		{E3067C5D-6EDE-4289-99F8-026C400548E2}.Debug|x64.ActiveCfg = Debug|Any CPU
		{E3067C5D-6EDE-4289-99F8-026C400548E2}.Debug|x64.Build.0 = Debug|Any CPU
		{E3067C5D-6EDE-4289-99F8-026C400548E2}.Debug|x86.ActiveCfg = Debug|Any CPU
		{E3067C5D-6EDE-4289-99F8-026C400548E2}.Debug|x86.Build.0 = Debug|Any CPU
		{E3067C5D-6EDE-4289-99F8-026C400548E2}.Release|Any CPU.ActiveCfg = Release|Any CPU
		{E3067C5D-6EDE-4289-99F8-026C400548E2}.Release|Any CPU.Build.0 = Release|Any CPU
		{E3067C5D-6EDE-4289-99F8-026C400548E2}.Release|x64.ActiveCfg = Release|Any CPU
		{E3067C5D-6EDE-4289-99F8-026C400548E2}.Release|x64.Build.0 = Release|Any CPU
		{E3067C5D-6EDE-4289-99F8-026C400548E2}.Release|x86.ActiveCfg = Release|Any CPU
		{E3067C5D-6EDE-4289-99F8-026C400548E2}.Release|x86.Build.0 = Release|Any CPU
		{6C583982-4309-48CE-9894-2B2EF93EEC60}.Debug|Any CPU.ActiveCfg = Debug|Any CPU
		{6C583982-4309-48CE-9894-2B2EF93EEC60}.Debug|Any CPU.Build.0 = Debug|Any CPU
		{6C583982-4309-48CE-9894-2B2EF93EEC60}.Debug|x64.ActiveCfg = Debug|Any CPU
		{6C583982-4309-48CE-9894-2B2EF93EEC60}.Debug|x64.Build.0 = Debug|Any CPU
		{6C583982-4309-48CE-9894-2B2EF93EEC60}.Debug|x86.ActiveCfg = Debug|Any CPU
		{6C583982-4309-48CE-9894-2B2EF93EEC60}.Debug|x86.Build.0 = Debug|Any CPU
		{6C583982-4309-48CE-9894-2B2EF93EEC60}.Release|Any CPU.ActiveCfg = Release|Any CPU
		{6C583982-4309-48CE-9894-2B2EF93EEC60}.Release|Any CPU.Build.0 = Release|Any CPU
		{6C583982-4309-48CE-9894-2B2EF93EEC60}.Release|x64.ActiveCfg = Release|Any CPU
		{6C583982-4309-48CE-9894-2B2EF93EEC60}.Release|x64.Build.0 = Release|Any CPU
		{6C583982-4309-48CE-9894-2B2EF93EEC60}.Release|x86.ActiveCfg = Release|Any CPU
		{6C583982-4309-48CE-9894-2B2EF93EEC60}.Release|x86.Build.0 = Release|Any CPU
		{5A4A19C9-2AFC-4A81-A3BF-CD4E78F70D82}.Debug|Any CPU.ActiveCfg = Debug|Any CPU
		{5A4A19C9-2AFC-4A81-A3BF-CD4E78F70D82}.Debug|Any CPU.Build.0 = Debug|Any CPU
		{5A4A19C9-2AFC-4A81-A3BF-CD4E78F70D82}.Debug|x64.ActiveCfg = Debug|Any CPU
		{5A4A19C9-2AFC-4A81-A3BF-CD4E78F70D82}.Debug|x64.Build.0 = Debug|Any CPU
		{5A4A19C9-2AFC-4A81-A3BF-CD4E78F70D82}.Debug|x86.ActiveCfg = Debug|Any CPU
		{5A4A19C9-2AFC-4A81-A3BF-CD4E78F70D82}.Debug|x86.Build.0 = Debug|Any CPU
		{5A4A19C9-2AFC-4A81-A3BF-CD4E78F70D82}.Release|Any CPU.ActiveCfg = Release|Any CPU
		{5A4A19C9-2AFC-4A81-A3BF-CD4E78F70D82}.Release|Any CPU.Build.0 = Release|Any CPU
		{5A4A19C9-2AFC-4A81-A3BF-CD4E78F70D82}.Release|x64.ActiveCfg = Release|Any CPU
		{5A4A19C9-2AFC-4A81-A3BF-CD4E78F70D82}.Release|x64.Build.0 = Release|Any CPU
		{5A4A19C9-2AFC-4A81-A3BF-CD4E78F70D82}.Release|x86.ActiveCfg = Release|Any CPU
		{5A4A19C9-2AFC-4A81-A3BF-CD4E78F70D82}.Release|x86.Build.0 = Release|Any CPU
	EndGlobalSection
EndGlobal
